
Microsoft Visual Studio Solution File, Format Version 12.00
# Visual Studio Version 17
VisualStudioVersion = 17.0.31903.59
MinimumVisualStudioVersion = 10.0.40219.1
Project("{FAE04EC0-301F-11D3-BF4B-00C04F79EFBC}") = "API", "API\API.csproj", "{D046AECE-C4BF-4854-8BB5-88BEE7851AAC}"
EndProject
Project("{FAE04EC0-301F-11D3-BF4B-00C04F79EFBC}") = "Application", "Application\Application.csproj", "{20FB19E5-5FDF-49B9-B92F-51CD1B419E94}"
EndProject
Project("{FAE04EC0-301F-11D3-BF4B-00C04F79EFBC}") = "Domain", "Domain\Domain.csproj", "{E3555CBC-21E2-4F05-B1C2-13CF2373F577}"
EndProject
Project("{FAE04EC0-301F-11D3-BF4B-00C04F79EFBC}") = "Persistence", "Persistence\Persistence.csproj", "{F6B7E67A-0D54-4678-886D-CBCA6261FF1F}"
EndProject
Project("{FAE04EC0-301F-11D3-BF4B-00C04F79EFBC}") = "Infrastructure", "Infrastructure\Infrastructure.csproj", "{1AAE9F1F-8BC0-448E-88B7-D4AF490D2C31}"
EndProject
Global
	GlobalSection(SolutionConfigurationPlatforms) = preSolution
		Debug|Any CPU = Debug|Any CPU
		Release|Any CPU = Release|Any CPU
	EndGlobalSection
	GlobalSection(SolutionProperties) = preSolution
		HideSolutionNode = FALSE
	EndGlobalSection
	GlobalSection(ProjectConfigurationPlatforms) = postSolution
		{D046AECE-C4BF-4854-8BB5-88BEE7851AAC}.Debug|Any CPU.ActiveCfg = Debug|Any CPU
		{D046AECE-C4BF-4854-8BB5-88BEE7851AAC}.Debug|Any CPU.Build.0 = Debug|Any CPU
		{D046AECE-C4BF-4854-8BB5-88BEE7851AAC}.Release|Any CPU.ActiveCfg = Release|Any CPU
		{D046AECE-C4BF-4854-8BB5-88BEE7851AAC}.Release|Any CPU.Build.0 = Release|Any CPU
		{20FB19E5-5FDF-49B9-B92F-51CD1B419E94}.Debug|Any CPU.ActiveCfg = Debug|Any CPU
		{20FB19E5-5FDF-49B9-B92F-51CD1B419E94}.Debug|Any CPU.Build.0 = Debug|Any CPU
		{20FB19E5-5FDF-49B9-B92F-51CD1B419E94}.Release|Any CPU.ActiveCfg = Release|Any CPU
		{20FB19E5-5FDF-49B9-B92F-51CD1B419E94}.Release|Any CPU.Build.0 = Release|Any CPU
		{E3555CBC-21E2-4F05-B1C2-13CF2373F577}.Debug|Any CPU.ActiveCfg = Debug|Any CPU
		{E3555CBC-21E2-4F05-B1C2-13CF2373F577}.Debug|Any CPU.Build.0 = Debug|Any CPU
		{E3555CBC-21E2-4F05-B1C2-13CF2373F577}.Release|Any CPU.ActiveCfg = Release|Any CPU
		{E3555CBC-21E2-4F05-B1C2-13CF2373F577}.Release|Any CPU.Build.0 = Release|Any CPU
		{F6B7E67A-0D54-4678-886D-CBCA6261FF1F}.Debug|Any CPU.ActiveCfg = Debug|Any CPU
		{F6B7E67A-0D54-4678-886D-CBCA6261FF1F}.Debug|Any CPU.Build.0 = Debug|Any CPU
		{F6B7E67A-0D54-4678-886D-CBCA6261FF1F}.Release|Any CPU.ActiveCfg = Release|Any CPU
		{F6B7E67A-0D54-4678-886D-CBCA6261FF1F}.Release|Any CPU.Build.0 = Release|Any CPU
		{1AAE9F1F-8BC0-448E-88B7-D4AF490D2C31}.Debug|Any CPU.ActiveCfg = Debug|Any CPU
		{1AAE9F1F-8BC0-448E-88B7-D4AF490D2C31}.Debug|Any CPU.Build.0 = Debug|Any CPU
		{1AAE9F1F-8BC0-448E-88B7-D4AF490D2C31}.Release|Any CPU.ActiveCfg = Release|Any CPU
		{1AAE9F1F-8BC0-448E-88B7-D4AF490D2C31}.Release|Any CPU.Build.0 = Release|Any CPU
	EndGlobalSection
EndGlobal
